
Microsoft Visual Studio Solution File, Format Version 12.00
# Visual Studio 14
VisualStudioVersion = 14.0.25420.1
MinimumVisualStudioVersion = 10.0.40219.1
Project("{FAE04EC0-301F-11D3-BF4B-00C04F79EFBC}") = "QuanLyKhoHang", "QuanLyKhoHang\QuanLyKhoHang.csproj", "{B7B571A8-B66E-45B7-B76F-C64850A7EB02}"
	ProjectSection(ProjectDependencies) = postProject
		{63472C8A-BBF8-4A15-A7D8-736FE9C6D28F} = {63472C8A-BBF8-4A15-A7D8-736FE9C6D28F}
	EndProjectSection
EndProject
Project("{FAE04EC0-301F-11D3-BF4B-00C04F79EFBC}") = "BLL", "BLL\BLL.csproj", "{442C3DD6-11AA-46E9-A074-43C3AE01D604}"
EndProject
Project("{FAE04EC0-301F-11D3-BF4B-00C04F79EFBC}") = "DAL", "DAL\DAL.csproj", "{63472C8A-BBF8-4A15-A7D8-736FE9C6D28F}"
EndProject
Project("{FAE04EC0-301F-11D3-BF4B-00C04F79EFBC}") = "DTO", "DTO\DTO.csproj", "{4D3DDAA4-BE0C-428E-B544-4358308A5943}"
EndProject
Global
	GlobalSection(SolutionConfigurationPlatforms) = preSolution
		Debug|Any CPU = Debug|Any CPU
		Release|Any CPU = Release|Any CPU
	EndGlobalSection
	GlobalSection(ProjectConfigurationPlatforms) = postSolution
		{B7B571A8-B66E-45B7-B76F-C64850A7EB02}.Debug|Any CPU.ActiveCfg = Debug|Any CPU
		{B7B571A8-B66E-45B7-B76F-C64850A7EB02}.Debug|Any CPU.Build.0 = Debug|Any CPU
		{B7B571A8-B66E-45B7-B76F-C64850A7EB02}.Release|Any CPU.ActiveCfg = Release|Any CPU
		{B7B571A8-B66E-45B7-B76F-C64850A7EB02}.Release|Any CPU.Build.0 = Release|Any CPU
		{442C3DD6-11AA-46E9-A074-43C3AE01D604}.Debug|Any CPU.ActiveCfg = Debug|Any CPU
		{442C3DD6-11AA-46E9-A074-43C3AE01D604}.Debug|Any CPU.Build.0 = Debug|Any CPU
		{442C3DD6-11AA-46E9-A074-43C3AE01D604}.Release|Any CPU.ActiveCfg = Release|Any CPU
		{442C3DD6-11AA-46E9-A074-43C3AE01D604}.Release|Any CPU.Build.0 = Release|Any CPU
		{63472C8A-BBF8-4A15-A7D8-736FE9C6D28F}.Debug|Any CPU.ActiveCfg = Debug|Any CPU
		{63472C8A-BBF8-4A15-A7D8-736FE9C6D28F}.Debug|Any CPU.Build.0 = Debug|Any CPU
		{63472C8A-BBF8-4A15-A7D8-736FE9C6D28F}.Release|Any CPU.ActiveCfg = Release|Any CPU
		{63472C8A-BBF8-4A15-A7D8-736FE9C6D28F}.Release|Any CPU.Build.0 = Release|Any CPU
		{4D3DDAA4-BE0C-428E-B544-4358308A5943}.Debug|Any CPU.ActiveCfg = Debug|Any CPU
		{4D3DDAA4-BE0C-428E-B544-4358308A5943}.Debug|Any CPU.Build.0 = Debug|Any CPU
		{4D3DDAA4-BE0C-428E-B544-4358308A5943}.Release|Any CPU.ActiveCfg = Release|Any CPU
		{4D3DDAA4-BE0C-428E-B544-4358308A5943}.Release|Any CPU.Build.0 = Release|Any CPU
	EndGlobalSection
	GlobalSection(SolutionProperties) = preSolution
		HideSolutionNode = FALSE
	EndGlobalSection
EndGlobal
